
Microsoft Visual Studio Solution File, Format Version 12.00
# Visual Studio 15
VisualStudioVersion = 15.0.28307.136
MinimumVisualStudioVersion = 10.0.40219.1
Project("{FAE04EC0-301F-11D3-BF4B-00C04F79EFBC}") = "WDT_s3485376", "WDT_s3485376\WDT_s3485376.csproj", "{33E65EE4-2BCD-4C4C-B865-AC3738293720}"
EndProject
Project("{FAE04EC0-301F-11D3-BF4B-00C04F79EFBC}") = "MagicInventorySystem", "MagicInventorySystem\MagicInventorySystem.csproj", "{A6DEF7EC-19EB-4CF3-9439-0C17698D9FA2}"
EndProject
Global
	GlobalSection(SolutionConfigurationPlatforms) = preSolution
		Debug|Any CPU = Debug|Any CPU
		Release|Any CPU = Release|Any CPU
	EndGlobalSection
	GlobalSection(ProjectConfigurationPlatforms) = postSolution
		{33E65EE4-2BCD-4C4C-B865-AC3738293720}.Debug|Any CPU.ActiveCfg = Debug|Any CPU
		{33E65EE4-2BCD-4C4C-B865-AC3738293720}.Debug|Any CPU.Build.0 = Debug|Any CPU
		{33E65EE4-2BCD-4C4C-B865-AC3738293720}.Release|Any CPU.ActiveCfg = Release|Any CPU
		{33E65EE4-2BCD-4C4C-B865-AC3738293720}.Release|Any CPU.Build.0 = Release|Any CPU
		{A6DEF7EC-19EB-4CF3-9439-0C17698D9FA2}.Debug|Any CPU.ActiveCfg = Debug|Any CPU
		{A6DEF7EC-19EB-4CF3-9439-0C17698D9FA2}.Debug|Any CPU.Build.0 = Debug|Any CPU
		{A6DEF7EC-19EB-4CF3-9439-0C17698D9FA2}.Release|Any CPU.ActiveCfg = Release|Any CPU
		{A6DEF7EC-19EB-4CF3-9439-0C17698D9FA2}.Release|Any CPU.Build.0 = Release|Any CPU
	EndGlobalSection
	GlobalSection(SolutionProperties) = preSolution
		HideSolutionNode = FALSE
	EndGlobalSection
	GlobalSection(ExtensibilityGlobals) = postSolution
		SolutionGuid = {BD7E6A55-2C3A-4AF7-9C08-7D56D30FC6CC}
	EndGlobalSection
EndGlobal
